
Microsoft Visual Studio Solution File, Format Version 12.00
# Visual Studio Version 17
VisualStudioVersion = 17.2.32630.192
MinimumVisualStudioVersion = 10.0.40219.1
Project("{E24C65DC-7377-472B-9ABA-BC803B73C61A}") = "Project", ".", "{FA11F541-BBC0-4510-8D15-66AC13A5D424}"
	ProjectSection(WebsiteProperties) = preProject
		TargetFrameworkMoniker = ".NETFramework,Version%3Dv4.7.2"
		Debug.AspNetCompiler.VirtualPath = "/Project"
		Debug.AspNetCompiler.PhysicalPath = "..\Project\"
		Debug.AspNetCompiler.TargetPath = "PrecompiledWeb\Project\"
		Debug.AspNetCompiler.Updateable = "true"
		Debug.AspNetCompiler.ForceOverwrite = "true"
		Debug.AspNetCompiler.FixedNames = "false"
		Debug.AspNetCompiler.Debug = "True"
		Release.AspNetCompiler.VirtualPath = "/Project"
		Release.AspNetCompiler.PhysicalPath = "..\Project\"
		Release.AspNetCompiler.TargetPath = "PrecompiledWeb\Project\"
		Release.AspNetCompiler.Updateable = "true"
		Release.AspNetCompiler.ForceOverwrite = "true"
		Release.AspNetCompiler.FixedNames = "false"
		Release.AspNetCompiler.Debug = "False"
		VWDPort = "4383"
		SlnRelativePath = "..\Project\"
	EndProjectSection
EndProject
Global
	GlobalSection(SolutionConfigurationPlatforms) = preSolution
		Debug|Any CPU = Debug|Any CPU
	EndGlobalSection
	GlobalSection(ProjectConfigurationPlatforms) = postSolution
		{FA11F541-BBC0-4510-8D15-66AC13A5D424}.Debug|Any CPU.ActiveCfg = Debug|Any CPU
		{FA11F541-BBC0-4510-8D15-66AC13A5D424}.Debug|Any CPU.Build.0 = Debug|Any CPU
	EndGlobalSection
	GlobalSection(SolutionProperties) = preSolution
		HideSolutionNode = FALSE
	EndGlobalSection
	GlobalSection(ExtensibilityGlobals) = postSolution
		SolutionGuid = {4073E0E6-035D-4AE6-97DB-F260647154DC}
	EndGlobalSection
EndGlobal
